
Microsoft Visual Studio Solution File, Format Version 12.00
# Visual Studio Version 17
VisualStudioVersion = 17.8.34322.80
MinimumVisualStudioVersion = 10.0.40219.1
Project("{FAE04EC0-301F-11D3-BF4B-00C04F79EFBC}") = "Archivos Binarios", "Archivos Binarios.csproj", "{55560CB8-66C3-4115-B0B3-B2E28F5D4B6F}"
EndProject
Global
	GlobalSection(SolutionConfigurationPlatforms) = preSolution
		Debug|Any CPU = Debug|Any CPU
		Release|Any CPU = Release|Any CPU
	EndGlobalSection
	GlobalSection(ProjectConfigurationPlatforms) = postSolution
		{55560CB8-66C3-4115-B0B3-B2E28F5D4B6F}.Debug|Any CPU.ActiveCfg = Debug|Any CPU
		{55560CB8-66C3-4115-B0B3-B2E28F5D4B6F}.Debug|Any CPU.Build.0 = Debug|Any CPU
		{55560CB8-66C3-4115-B0B3-B2E28F5D4B6F}.Release|Any CPU.ActiveCfg = Release|Any CPU
		{55560CB8-66C3-4115-B0B3-B2E28F5D4B6F}.Release|Any CPU.Build.0 = Release|Any CPU
	EndGlobalSection
	GlobalSection(SolutionProperties) = preSolution
		HideSolutionNode = FALSE
	EndGlobalSection
	GlobalSection(ExtensibilityGlobals) = postSolution
		SolutionGuid = {73152D88-1D39-4B61-85DE-273C0AFC7317}
	EndGlobalSection
EndGlobal
